
Microsoft Visual Studio Solution File, Format Version 12.00
# Visual Studio Version 16
VisualStudioVersion = 16.0.30309.148
MinimumVisualStudioVersion = 10.0.40219.1
Project("{FAE04EC0-301F-11D3-BF4B-00C04F79EFBC}") = "aulaInterfaces", "aulaInterfaces\aulaInterfaces.csproj", "{98B62203-0911-404A-A5DC-DCB0AE908105}"
EndProject
Global
	GlobalSection(SolutionConfigurationPlatforms) = preSolution
		Debug|Any CPU = Debug|Any CPU
		Release|Any CPU = Release|Any CPU
	EndGlobalSection
	GlobalSection(ProjectConfigurationPlatforms) = postSolution
		{98B62203-0911-404A-A5DC-DCB0AE908105}.Debug|Any CPU.ActiveCfg = Debug|Any CPU
		{98B62203-0911-404A-A5DC-DCB0AE908105}.Debug|Any CPU.Build.0 = Debug|Any CPU
		{98B62203-0911-404A-A5DC-DCB0AE908105}.Release|Any CPU.ActiveCfg = Release|Any CPU
		{98B62203-0911-404A-A5DC-DCB0AE908105}.Release|Any CPU.Build.0 = Release|Any CPU
	EndGlobalSection
	GlobalSection(SolutionProperties) = preSolution
		HideSolutionNode = FALSE
	EndGlobalSection
	GlobalSection(ExtensibilityGlobals) = postSolution
		SolutionGuid = {54D0598A-0767-4C0A-BF1A-76A511B9F8D1}
	EndGlobalSection
EndGlobal
